// !$*UTF8*$!
{
	archiveVersion = 1;
	classes = {
	};
	objectVersion = 52;
	objects = {

/* Begin PBXBuildFile section */
		75D001E4267786E300DED531 /* NowPlayingAppApp.swift in Sources */ = {isa = PBXBuildFile; fileRef = 75D001E3267786E300DED531 /* NowPlayingAppApp.swift */; };
		75D001E6267786E300DED531 /* ContentView.swift in Sources */ = {isa = PBXBuildFile; fileRef = 75D001E5267786E300DED531 /* ContentView.swift */; };
		75D001E8267786E400DED531 /* Assets.xcassets in Resources */ = {isa = PBXBuildFile; fileRef = 75D001E7267786E400DED531 /* Assets.xcassets */; };
		75D001EB267786E400DED531 /* Preview Assets.xcassets in Resources */ = {isa = PBXBuildFile; fileRef = 75D001EA267786E400DED531 /* Preview Assets.xcassets */; };
		75D001F52677876C00DED531 /* Rating.swift in Sources */ = {isa = PBXBuildFile; fileRef = 75D001F42677876C00DED531 /* Rating.swift */; };
		75D001FA267787C400DED531 /* API.swift in Sources */ = {isa = PBXBuildFile; fileRef = 75D001F9267787C400DED531 /* API.swift */; };
		75D001FD267787FD00DED531 /* NetworkManager.swift in Sources */ = {isa = PBXBuildFile; fileRef = 75D001FC267787FD00DED531 /* NetworkManager.swift */; };
		75D002002677882900DED531 /* MovieURL.swift in Sources */ = {isa = PBXBuildFile; fileRef = 75D001FF2677882900DED531 /* MovieURL.swift */; };
		75D002032677886A00DED531 /* MovieDownloadManager.swift in Sources */ = {isa = PBXBuildFile; fileRef = 75D002022677886A00DED531 /* MovieDownloadManager.swift */; };
		75D002072677894400DED531 /* MovieCell.swift in Sources */ = {isa = PBXBuildFile; fileRef = 75D002062677894400DED531 /* MovieCell.swift */; };
		75D0020A267789A600DED531 /* MoviesView.swift in Sources */ = {isa = PBXBuildFile; fileRef = 75D00209267789A600DED531 /* MoviesView.swift */; };
		75D0020D267789D400DED531 /* MovieDetailView.swift in Sources */ = {isa = PBXBuildFile; fileRef = 75D0020C267789D400DED531 /* MovieDetailView.swift */; };
		75D0021026778A1F00DED531 /* MovieDetailCell.swift in Sources */ = {isa = PBXBuildFile; fileRef = 75D0020F26778A1F00DED531 /* MovieDetailCell.swift */; };
		75D0021426778A6B00DED531 /* Movie.swift in Sources */ = {isa = PBXBuildFile; fileRef = 75D0021326778A6B00DED531 /* Movie.swift */; };
		75D0021826778BAB00DED531 /* Alamofire in Frameworks */ = {isa = PBXBuildFile; productRef = 75D0021726778BAB00DED531 /* Alamofire */; };
		75D0021C26778C8A00DED531 /* KingfisherSwiftUI in Frameworks */ = {isa = PBXBuildFile; productRef = 75D0021B26778C8A00DED531 /* KingfisherSwiftUI */; };
/* End PBXBuildFile section */

/* Begin PBXFileReference section */
		75D001E0267786E300DED531 /* NowPlayingApp.app */ = {isa = PBXFileReference; explicitFileType = wrapper.application; includeInIndex = 0; path = NowPlayingApp.app; sourceTree = BUILT_PRODUCTS_DIR; };
		75D001E3267786E300DED531 /* NowPlayingAppApp.swift */ = {isa = PBXFileReference; lastKnownFileType = sourcecode.swift; path = NowPlayingAppApp.swift; sourceTree = "<group>"; };
		75D001E5267786E300DED531 /* ContentView.swift */ = {isa = PBXFileReference; lastKnownFileType = sourcecode.swift; path = ContentView.swift; sourceTree = "<group>"; };
		75D001E7267786E400DED531 /* Assets.xcassets */ = {isa = PBXFileReference; lastKnownFileType = folder.assetcatalog; path = Assets.xcassets; sourceTree = "<group>"; };
		75D001EA267786E400DED531 /* Preview Assets.xcassets */ = {isa = PBXFileReference; lastKnownFileType = folder.assetcatalog; path = "Preview Assets.xcassets"; sourceTree = "<group>"; };
		75D001EC267786E400DED531 /* Info.plist */ = {isa = PBXFileReference; lastKnownFileType = text.plist.xml; path = Info.plist; sourceTree = "<group>"; };
		75D001F42677876C00DED531 /* Rating.swift */ = {isa = PBXFileReference; lastKnownFileType = sourcecode.swift; path = Rating.swift; sourceTree = "<group>"; };
		75D001F9267787C400DED531 /* API.swift */ = {isa = PBXFileReference; lastKnownFileType = sourcecode.swift; path = API.swift; sourceTree = "<group>"; };
		75D001FC267787FD00DED531 /* NetworkManager.swift */ = {isa = PBXFileReference; lastKnownFileType = sourcecode.swift; path = NetworkManager.swift; sourceTree = "<group>"; };
		75D001FF2677882900DED531 /* MovieURL.swift */ = {isa = PBXFileReference; lastKnownFileType = sourcecode.swift; path = MovieURL.swift; sourceTree = "<group>"; };
		75D002022677886A00DED531 /* MovieDownloadManager.swift */ = {isa = PBXFileReference; lastKnownFileType = sourcecode.swift; path = MovieDownloadManager.swift; sourceTree = "<group>"; };
		75D002062677894400DED531 /* MovieCell.swift */ = {isa = PBXFileReference; lastKnownFileType = sourcecode.swift; path = MovieCell.swift; sourceTree = "<group>"; };
		75D00209267789A600DED531 /* MoviesView.swift */ = {isa = PBXFileReference; lastKnownFileType = sourcecode.swift; path = MoviesView.swift; sourceTree = "<group>"; };
		75D0020C267789D400DED531 /* MovieDetailView.swift */ = {isa = PBXFileReference; lastKnownFileType = sourcecode.swift; path = MovieDetailView.swift; sourceTree = "<group>"; };
		75D0020F26778A1F00DED531 /* MovieDetailCell.swift */ = {isa = PBXFileReference; lastKnownFileType = sourcecode.swift; path = MovieDetailCell.swift; sourceTree = "<group>"; };
		75D0021326778A6B00DED531 /* Movie.swift */ = {isa = PBXFileReference; lastKnownFileType = sourcecode.swift; path = Movie.swift; sourceTree = "<group>"; };
/* End PBXFileReference section */

/* Begin PBXFrameworksBuildPhase section */
		75D001DD267786E300DED531 /* Frameworks */ = {
			isa = PBXFrameworksBuildPhase;
			buildActionMask = 2147483647;
			files = (
				75D0021C26778C8A00DED531 /* KingfisherSwiftUI in Frameworks */,
				75D0021826778BAB00DED531 /* Alamofire in Frameworks */,
			);
			runOnlyForDeploymentPostprocessing = 0;
		};
/* End PBXFrameworksBuildPhase section */

/* Begin PBXGroup section */
		75D001D7267786E300DED531 = {
			isa = PBXGroup;
			children = (
				75D001E2267786E300DED531 /* NowPlayingApp */,
				75D001E1267786E300DED531 /* Products */,
			);
			sourceTree = "<group>";
		};
		75D001E1267786E300DED531 /* Products */ = {
			isa = PBXGroup;
			children = (
				75D001E0267786E300DED531 /* NowPlayingApp.app */,
			);
			name = Products;
			sourceTree = "<group>";
		};
		75D001E2267786E300DED531 /* NowPlayingApp */ = {
			isa = PBXGroup;
			children = (
				75D0021226778A4900DED531 /* Models */,
				75D002052677892400DED531 /* Views */,
				75D001F82677879800DED531 /* Networking */,
				75D001F32677873D00DED531 /* Controls */,
				75D001E3267786E300DED531 /* NowPlayingAppApp.swift */,
				75D001E5267786E300DED531 /* ContentView.swift */,
				75D001E7267786E400DED531 /* Assets.xcassets */,
				75D001EC267786E400DED531 /* Info.plist */,
				75D001E9267786E400DED531 /* Preview Content */,
			);
			path = NowPlayingApp;
			sourceTree = "<group>";
		};
		75D001E9267786E400DED531 /* Preview Content */ = {
			isa = PBXGroup;
			children = (
				75D001EA267786E400DED531 /* Preview Assets.xcassets */,
			);
			path = "Preview Content";
			sourceTree = "<group>";
		};
		75D001F32677873D00DED531 /* Controls */ = {
			isa = PBXGroup;
			children = (
				75D001F42677876C00DED531 /* Rating.swift */,
			);
			path = Controls;
			sourceTree = "<group>";
		};
		75D001F82677879800DED531 /* Networking */ = {
			isa = PBXGroup;
			children = (
				75D001F9267787C400DED531 /* API.swift */,
				75D001FC267787FD00DED531 /* NetworkManager.swift */,
				75D001FF2677882900DED531 /* MovieURL.swift */,
				75D002022677886A00DED531 /* MovieDownloadManager.swift */,
			);
			path = Networking;
			sourceTree = "<group>";
		};
		75D002052677892400DED531 /* Views */ = {
			isa = PBXGroup;
			children = (
				75D002062677894400DED531 /* MovieCell.swift */,
				75D00209267789A600DED531 /* MoviesView.swift */,
				75D0020C267789D400DED531 /* MovieDetailView.swift */,
				75D0020F26778A1F00DED531 /* MovieDetailCell.swift */,
			);
			path = Views;
			sourceTree = "<group>";
		};
		75D0021226778A4900DED531 /* Models */ = {
			isa = PBXGroup;
			children = (
				75D0021326778A6B00DED531 /* Movie.swift */,
			);
			path = Models;
			sourceTree = "<group>";
		};
/* End PBXGroup section */

/* Begin PBXNativeTarget section */
		75D001DF267786E300DED531 /* NowPlayingApp */ = {
			isa = PBXNativeTarget;
			buildConfigurationList = 75D001EF267786E400DED531 /* Build configuration list for PBXNativeTarget "NowPlayingApp" */;
			buildPhases = (
				75D001DC267786E300DED531 /* Sources */,
				75D001DD267786E300DED531 /* Frameworks */,
				75D001DE267786E300DED531 /* Resources */,
			);
			buildRules = (
			);
			dependencies = (
			);
			name = NowPlayingApp;
			packageProductDependencies = (
				75D0021726778BAB00DED531 /* Alamofire */,
				75D0021B26778C8A00DED531 /* KingfisherSwiftUI */,
			);
			productName = NowPlayingApp;
			productReference = 75D001E0267786E300DED531 /* NowPlayingApp.app */;
			productType = "com.apple.product-type.application";
		};
/* End PBXNativeTarget section */

/* Begin PBXProject section */
		75D001D8267786E300DED531 /* Project object */ = {
			isa = PBXProject;
			attributes = {
				LastSwiftUpdateCheck = 1240;
				LastUpgradeCheck = 1240;
				TargetAttributes = {
					75D001DF267786E300DED531 = {
						CreatedOnToolsVersion = 12.4;
					};
				};
			};
			buildConfigurationList = 75D001DB267786E300DED531 /* Build configuration list for PBXProject "NowPlayingApp" */;
			compatibilityVersion = "Xcode 9.3";
			developmentRegion = en;
			hasScannedForEncodings = 0;
			knownRegions = (
				en,
				Base,
			);
			mainGroup = 75D001D7267786E300DED531;
			packageReferences = (
				75D0021626778BAB00DED531 /* XCRemoteSwiftPackageReference "Alamofire" */,
				75D0021A26778C8A00DED531 /* XCRemoteSwiftPackageReference "Kingfisher" */,
			);
			productRefGroup = 75D001E1267786E300DED531 /* Products */;
			projectDirPath = "";
			projectRoot = "";
			targets = (
				75D001DF267786E300DED531 /* NowPlayingApp */,
			);
		};
/* End PBXProject section */

/* Begin PBXResourcesBuildPhase section */
		75D001DE267786E300DED531 /* Resources */ = {
			isa = PBXResourcesBuildPhase;
			buildActionMask = 2147483647;
			files = (
				75D001EB267786E400DED531 /* Preview Assets.xcassets in Resources */,
				75D001E8267786E400DED531 /* Assets.xcassets in Resources */,
			);
			runOnlyForDeploymentPostprocessing = 0;
		};
/* End PBXResourcesBuildPhase section */

/* Begin PBXSourcesBuildPhase section */
		75D001DC267786E300DED531 /* Sources */ = {
			isa = PBXSourcesBuildPhase;
			buildActionMask = 2147483647;
			files = (
				75D0020D267789D400DED531 /* MovieDetailView.swift in Sources */,
				75D0021026778A1F00DED531 /* MovieDetailCell.swift in Sources */,
				75D0021426778A6B00DED531 /* Movie.swift in Sources */,
				75D001F52677876C00DED531 /* Rating.swift in Sources */,
				75D001E6267786E300DED531 /* ContentView.swift in Sources */,
				75D002072677894400DED531 /* MovieCell.swift in Sources */,
				75D002002677882900DED531 /* MovieURL.swift in Sources */,
				75D002032677886A00DED531 /* MovieDownloadManager.swift in Sources */,
				75D001FD267787FD00DED531 /* NetworkManager.swift in Sources */,
				75D001FA267787C400DED531 /* API.swift in Sources */,
				75D0020A267789A600DED531 /* MoviesView.swift in Sources */,
				75D001E4267786E300DED531 /* NowPlayingAppApp.swift in Sources */,
			);
			runOnlyForDeploymentPostprocessing = 0;
		};
/* End PBXSourcesBuildPhase section */

/* Begin XCBuildConfiguration section */
		75D001ED267786E400DED531 /* Debug */ = {
			isa = XCBuildConfiguration;
			buildSettings = {
				ALWAYS_SEARCH_USER_PATHS = NO;
				CLANG_ANALYZER_NONNULL = YES;
				CLANG_ANALYZER_NUMBER_OBJECT_CONVERSION = YES_AGGRESSIVE;
				CLANG_CXX_LANGUAGE_STANDARD = "gnu++14";
				CLANG_CXX_LIBRARY = "libc++";
				CLANG_ENABLE_MODULES = YES;
				CLANG_ENABLE_OBJC_ARC = YES;
				CLANG_ENABLE_OBJC_WEAK = YES;
				CLANG_WARN_BLOCK_CAPTURE_AUTORELEASING = YES;
				CLANG_WARN_BOOL_CONVERSION = YES;
				CLANG_WARN_COMMA = YES;
				CLANG_WARN_CONSTANT_CONVERSION = YES;
				CLANG_WARN_DEPRECATED_OBJC_IMPLEMENTATIONS = YES;
				CLANG_WARN_DIRECT_OBJC_ISA_USAGE = YES_ERROR;
				CLANG_WARN_DOCUMENTATION_COMMENTS = YES;
				CLANG_WARN_EMPTY_BODY = YES;
				CLANG_WARN_ENUM_CONVERSION = YES;
				CLANG_WARN_INFINITE_RECURSION = YES;
				CLANG_WARN_INT_CONVERSION = YES;
				CLANG_WARN_NON_LITERAL_NULL_CONVERSION = YES;
				CLANG_WARN_OBJC_IMPLICIT_RETAIN_SELF = YES;
				CLANG_WARN_OBJC_LITERAL_CONVERSION = YES;
				CLANG_WARN_OBJC_ROOT_CLASS = YES_ERROR;
				CLANG_WARN_QUOTED_INCLUDE_IN_FRAMEWORK_HEADER = YES;
				CLANG_WARN_RANGE_LOOP_ANALYSIS = YES;
				CLANG_WARN_STRICT_PROTOTYPES = YES;
				CLANG_WARN_SUSPICIOUS_MOVE = YES;
				CLANG_WARN_UNGUARDED_AVAILABILITY = YES_AGGRESSIVE;
				CLANG_WARN_UNREACHABLE_CODE = YES;
				CLANG_WARN__DUPLICATE_METHOD_MATCH = YES;
				COPY_PHASE_STRIP = NO;
				DEBUG_INFORMATION_FORMAT = dwarf;
				ENABLE_STRICT_OBJC_MSGSEND = YES;
				ENABLE_TESTABILITY = YES;
				GCC_C_LANGUAGE_STANDARD = gnu11;
				GCC_DYNAMIC_NO_PIC = NO;
				GCC_NO_COMMON_BLOCKS = YES;
				GCC_OPTIMIZATION_LEVEL = 0;
				GCC_PREPROCESSOR_DEFINITIONS = (
					"DEBUG=1",
					"$(inherited)",
				);
				GCC_WARN_64_TO_32_BIT_CONVERSION = YES;
				GCC_WARN_ABOUT_RETURN_TYPE = YES_ERROR;
				GCC_WARN_UNDECLARED_SELECTOR = YES;
				GCC_WARN_UNINITIALIZED_AUTOS = YES_AGGRESSIVE;
				GCC_WARN_UNUSED_FUNCTION = YES;
				GCC_WARN_UNUSED_VARIABLE = YES;
				IPHONEOS_DEPLOYMENT_TARGET = 14.4;
				MTL_ENABLE_DEBUG_INFO = INCLUDE_SOURCE;
				MTL_FAST_MATH = YES;
				ONLY_ACTIVE_ARCH = YES;
				SDKROOT = iphoneos;
				SWIFT_ACTIVE_COMPILATION_CONDITIONS = DEBUG;
				SWIFT_OPTIMIZATION_LEVEL = "-Onone";
			};
			name = Debug;
		};
		75D001EE267786E400DED531 /* Release */ = {
			isa = XCBuildConfiguration;
			buildSettings = {
				ALWAYS_SEARCH_USER_PATHS = NO;
				CLANG_ANALYZER_NONNULL = YES;
				CLANG_ANALYZER_NUMBER_OBJECT_CONVERSION = YES_AGGRESSIVE;
				CLANG_CXX_LANGUAGE_STANDARD = "gnu++14";
				CLANG_CXX_LIBRARY = "libc++";
				CLANG_ENABLE_MODULES = YES;
				CLANG_ENABLE_OBJC_ARC = YES;
				CLANG_ENABLE_OBJC_WEAK = YES;
				CLANG_WARN_BLOCK_CAPTURE_AUTORELEASING = YES;
				CLANG_WARN_BOOL_CONVERSION = YES;
				CLANG_WARN_COMMA = YES;
				CLANG_WARN_CONSTANT_CONVERSION = YES;
				CLANG_WARN_DEPRECATED_OBJC_IMPLEMENTATIONS = YES;
				CLANG_WARN_DIRECT_OBJC_ISA_USAGE = YES_ERROR;
				CLANG_WARN_DOCUMENTATION_COMMENTS = YES;
				CLANG_WARN_EMPTY_BODY = YES;
				CLANG_WARN_ENUM_CONVERSION = YES;
				CLANG_WARN_INFINITE_RECURSION = YES;
				CLANG_WARN_INT_CONVERSION = YES;
				CLANG_WARN_NON_LITERAL_NULL_CONVERSION = YES;
				CLANG_WARN_OBJC_IMPLICIT_RETAIN_SELF = YES;
				CLANG_WARN_OBJC_LITERAL_CONVERSION = YES;
				CLANG_WARN_OBJC_ROOT_CLASS = YES_ERROR;
				CLANG_WARN_QUOTED_INCLUDE_IN_FRAMEWORK_HEADER = YES;
				CLANG_WARN_RANGE_LOOP_ANALYSIS = YES;
				CLANG_WARN_STRICT_PROTOTYPES = YES;
				CLANG_WARN_SUSPICIOUS_MOVE = YES;
				CLANG_WARN_UNGUARDED_AVAILABILITY = YES_AGGRESSIVE;
				CLANG_WARN_UNREACHABLE_CODE = YES;
				CLANG_WARN__DUPLICATE_METHOD_MATCH = YES;
				COPY_PHASE_STRIP = NO;
				DEBUG_INFORMATION_FORMAT = "dwarf-with-dsym";
				ENABLE_NS_ASSERTIONS = NO;
				ENABLE_STRICT_OBJC_MSGSEND = YES;
				GCC_C_LANGUAGE_STANDARD = gnu11;
				GCC_NO_COMMON_BLOCKS = YES;
				GCC_WARN_64_TO_32_BIT_CONVERSION = YES;
				GCC_WARN_ABOUT_RETURN_TYPE = YES_ERROR;
				GCC_WARN_UNDECLARED_SELECTOR = YES;
				GCC_WARN_UNINITIALIZED_AUTOS = YES_AGGRESSIVE;
				GCC_WARN_UNUSED_FUNCTION = YES;
				GCC_WARN_UNUSED_VARIABLE = YES;
				IPHONEOS_DEPLOYMENT_TARGET = 14.4;
				MTL_ENABLE_DEBUG_INFO = NO;
				MTL_FAST_MATH = YES;
				SDKROOT = iphoneos;
				SWIFT_COMPILATION_MODE = wholemodule;
				SWIFT_OPTIMIZATION_LEVEL = "-O";
				VALIDATE_PRODUCT = YES;
			};
			name = Release;
		};
		75D001F0267786E400DED531 /* Debug */ = {
			isa = XCBuildConfiguration;
			buildSettings = {
				ASSETCATALOG_COMPILER_APPICON_NAME = AppIcon;
				ASSETCATALOG_COMPILER_GLOBAL_ACCENT_COLOR_NAME = AccentColor;
				CODE_SIGN_STYLE = Automatic;
				DEVELOPMENT_ASSET_PATHS = "\"NowPlayingApp/Preview Content\"";
				DEVELOPMENT_TEAM = VM55LWG8PP;
				ENABLE_PREVIEWS = YES;
				INFOPLIST_FILE = NowPlayingApp/Info.plist;
				IPHONEOS_DEPLOYMENT_TARGET = 14.0;
				LD_RUNPATH_SEARCH_PATHS = (
					"$(inherited)",
					"@executable_path/Frameworks",
				);
				PRODUCT_BUNDLE_IDENTIFIER = com.elizeurs.NowPlayingApp;
				PRODUCT_NAME = "$(TARGET_NAME)";
				SWIFT_VERSION = 5.0;
				TARGETED_DEVICE_FAMILY = "1,2";
			};
			name = Debug;
		};
		75D001F1267786E400DED531 /* Release */ = {
			isa = XCBuildConfiguration;
			buildSettings = {
				ASSETCATALOG_COMPILER_APPICON_NAME = AppIcon;
				ASSETCATALOG_COMPILER_GLOBAL_ACCENT_COLOR_NAME = AccentColor;
				CODE_SIGN_STYLE = Automatic;
				DEVELOPMENT_ASSET_PATHS = "\"NowPlayingApp/Preview Content\"";
				DEVELOPMENT_TEAM = VM55LWG8PP;
				ENABLE_PREVIEWS = YES;
				INFOPLIST_FILE = NowPlayingApp/Info.plist;
				IPHONEOS_DEPLOYMENT_TARGET = 14.0;
				LD_RUNPATH_SEARCH_PATHS = (
					"$(inherited)",
					"@executable_path/Frameworks",
				);
				PRODUCT_BUNDLE_IDENTIFIER = com.elizeurs.NowPlayingApp;
				PRODUCT_NAME = "$(TARGET_NAME)";
				SWIFT_VERSION = 5.0;
				TARGETED_DEVICE_FAMILY = "1,2";
			};
			name = Release;
		};
/* End XCBuildConfiguration section */

/* Begin XCConfigurationList section */
		75D001DB267786E300DED531 /* Build configuration list for PBXProject "NowPlayingApp" */ = {
			isa = XCConfigurationList;
			buildConfigurations = (
				75D001ED267786E400DED531 /* Debug */,
				75D001EE267786E400DED531 /* Release */,
			);
			defaultConfigurationIsVisible = 0;
			defaultConfigurationName = Release;
		};
		75D001EF267786E400DED531 /* Build configuration list for PBXNativeTarget "NowPlayingApp" */ = {
			isa = XCConfigurationList;
			buildConfigurations = (
				75D001F0267786E400DED531 /* Debug */,
				75D001F1267786E400DED531 /* Release */,
			);
			defaultConfigurationIsVisible = 0;
			defaultConfigurationName = Release;
		};
/* End XCConfigurationList section */

/* Begin XCRemoteSwiftPackageReference section */
		75D0021626778BAB00DED531 /* XCRemoteSwiftPackageReference "Alamofire" */ = {
			isa = XCRemoteSwiftPackageReference;
			repositoryURL = "https://github.com/Alamofire/Alamofire.git";
			requirement = {
				kind = upToNextMajorVersion;
				minimumVersion = 5.4.3;
			};
		};
		75D0021A26778C8A00DED531 /* XCRemoteSwiftPackageReference "Kingfisher" */ = {
			isa = XCRemoteSwiftPackageReference;
			repositoryURL = "https://github.com/onevcat/Kingfisher.git";
			requirement = {
				kind = upToNextMajorVersion;
				minimumVersion = 5.15.8;
			};
		};
/* End XCRemoteSwiftPackageReference section */

/* Begin XCSwiftPackageProductDependency section */
		75D0021726778BAB00DED531 /* Alamofire */ = {
			isa = XCSwiftPackageProductDependency;
			package = 75D0021626778BAB00DED531 /* XCRemoteSwiftPackageReference "Alamofire" */;
			productName = Alamofire;
		};
		75D0021B26778C8A00DED531 /* KingfisherSwiftUI */ = {
			isa = XCSwiftPackageProductDependency;
			package = 75D0021A26778C8A00DED531 /* XCRemoteSwiftPackageReference "Kingfisher" */;
			productName = KingfisherSwiftUI;
		};
/* End XCSwiftPackageProductDependency section */
	};
	rootObject = 75D001D8267786E300DED531 /* Project object */;
}
